
Microsoft Visual Studio Solution File, Format Version 12.00
# Visual Studio 15
VisualStudioVersion = 15.0.28307.329
MinimumVisualStudioVersion = 10.0.40219.1
Project("{FAE04EC0-301F-11D3-BF4B-00C04F79EFBC}") = "Xunit.Extensions.Ordering", "Xunit.Extensions.Ordering\Xunit.Extensions.Ordering.csproj", "{BBEF35AA-4C38-4F21-99C6-DB4FEE7F3049}"
EndProject
Global
	GlobalSection(SolutionConfigurationPlatforms) = preSolution
		Debug|Any CPU = Debug|Any CPU
		Release|Any CPU = Release|Any CPU
	EndGlobalSection
	GlobalSection(ProjectConfigurationPlatforms) = postSolution
		{BBEF35AA-4C38-4F21-99C6-DB4FEE7F3049}.Debug|Any CPU.ActiveCfg = Debug|Any CPU
		{BBEF35AA-4C38-4F21-99C6-DB4FEE7F3049}.Debug|Any CPU.Build.0 = Debug|Any CPU
		{BBEF35AA-4C38-4F21-99C6-DB4FEE7F3049}.Release|Any CPU.ActiveCfg = Release|Any CPU
		{BBEF35AA-4C38-4F21-99C6-DB4FEE7F3049}.Release|Any CPU.Build.0 = Release|Any CPU
	EndGlobalSection
	GlobalSection(SolutionProperties) = preSolution
		HideSolutionNode = FALSE
	EndGlobalSection
	GlobalSection(ExtensibilityGlobals) = postSolution
		SolutionGuid = {549F8BCF-C011-49F1-8159-B760BE121700}
	EndGlobalSection
EndGlobal
